
Microsoft Visual Studio Solution File, Format Version 12.00
# Visual Studio Version 16
VisualStudioVersion = 16.0.31129.286
MinimumVisualStudioVersion = 10.0.40219.1
Project("{FAE04EC0-301F-11D3-BF4B-00C04F79EFBC}") = "GymBuddy", "GymBuddy\GymBuddy.csproj", "{0AE5C0E5-CB59-4146-8213-CDCA71EDAE25}"
EndProject
Global
	GlobalSection(SolutionConfigurationPlatforms) = preSolution
		Debug|Any CPU = Debug|Any CPU
		Release|Any CPU = Release|Any CPU
	EndGlobalSection
	GlobalSection(ProjectConfigurationPlatforms) = postSolution
		{0AE5C0E5-CB59-4146-8213-CDCA71EDAE25}.Debug|Any CPU.ActiveCfg = Debug|Any CPU
		{0AE5C0E5-CB59-4146-8213-CDCA71EDAE25}.Debug|Any CPU.Build.0 = Debug|Any CPU
		{0AE5C0E5-CB59-4146-8213-CDCA71EDAE25}.Release|Any CPU.ActiveCfg = Release|Any CPU
		{0AE5C0E5-CB59-4146-8213-CDCA71EDAE25}.Release|Any CPU.Build.0 = Release|Any CPU
	EndGlobalSection
	GlobalSection(SolutionProperties) = preSolution
		HideSolutionNode = FALSE
	EndGlobalSection
	GlobalSection(ExtensibilityGlobals) = postSolution
		SolutionGuid = {4AD2DEED-C251-4485-8470-65C7D66530E7}
	EndGlobalSection
EndGlobal
