
Microsoft Visual Studio Solution File, Format Version 12.00
# Visual Studio Version 16
VisualStudioVersion = 16.0.31129.286
MinimumVisualStudioVersion = 10.0.40219.1
Project("{00D1A9C2-B5F0-4AF3-8072-F6C62B433612}") = "GymBuddyDB", "GymBuddyDB\GymBuddyDB.sqlproj", "{5346390E-5234-4877-ADFE-6CCAC99D898D}"
EndProject
Project("{FAE04EC0-301F-11D3-BF4B-00C04F79EFBC}") = "GymBuddySite", "GymBuddySite\GymBuddySite.csproj", "{4576726C-0028-4832-8237-F9A39B19E803}"
EndProject
Global
	GlobalSection(SolutionConfigurationPlatforms) = preSolution
		Debug|Any CPU = Debug|Any CPU
		Release|Any CPU = Release|Any CPU
	EndGlobalSection
	GlobalSection(ProjectConfigurationPlatforms) = postSolution
		{5346390E-5234-4877-ADFE-6CCAC99D898D}.Debug|Any CPU.ActiveCfg = Debug|Any CPU
		{5346390E-5234-4877-ADFE-6CCAC99D898D}.Debug|Any CPU.Build.0 = Debug|Any CPU
		{5346390E-5234-4877-ADFE-6CCAC99D898D}.Debug|Any CPU.Deploy.0 = Debug|Any CPU
		{5346390E-5234-4877-ADFE-6CCAC99D898D}.Release|Any CPU.ActiveCfg = Release|Any CPU
		{5346390E-5234-4877-ADFE-6CCAC99D898D}.Release|Any CPU.Build.0 = Release|Any CPU
		{5346390E-5234-4877-ADFE-6CCAC99D898D}.Release|Any CPU.Deploy.0 = Release|Any CPU
		{4576726C-0028-4832-8237-F9A39B19E803}.Debug|Any CPU.ActiveCfg = Debug|Any CPU
		{4576726C-0028-4832-8237-F9A39B19E803}.Debug|Any CPU.Build.0 = Debug|Any CPU
		{4576726C-0028-4832-8237-F9A39B19E803}.Release|Any CPU.ActiveCfg = Release|Any CPU
		{4576726C-0028-4832-8237-F9A39B19E803}.Release|Any CPU.Build.0 = Release|Any CPU
	EndGlobalSection
	GlobalSection(SolutionProperties) = preSolution
		HideSolutionNode = FALSE
	EndGlobalSection
	GlobalSection(ExtensibilityGlobals) = postSolution
		SolutionGuid = {CF5C8C95-FAD4-4B10-A56C-BEDF5FB8152D}
	EndGlobalSection
EndGlobal
